# THIS IS AN AUTOGENERATED FILE. DO NOT EDIT THIS FILE DIRECTLY.
# yarn lockfile v1


"@tinymce/tinymce-vue@^3.2.2":
  version "3.2.2"
  resolved "https://registry.yarnpkg.com/@tinymce/tinymce-vue/-/tinymce-vue-3.2.2.tgz#a16500fbeebfec4ae43f4e9fe5bd739aeb66a3d6"
  integrity sha512-LNgKbdaScHHkBsq6UZsMpEL5yPY8oYTGaOX97+ArpJSw4B6KSQpKU+/GHnkytQhPgQLLob+ghejP0ifVQXuczg==

base64-arraybuffer@^0.2.0:
  version "0.2.0"
  resolved "https://registry.yarnpkg.com/base64-arraybuffer/-/base64-arraybuffer-0.2.0.tgz#4b944fac0191aa5907afe2d8c999ccc57ce80f45"
  integrity sha512-7emyCsu1/xiBXgQZrscw/8KPRT44I4Yq9Pe6EGs3aPRTsWuggML1/1DTuZUuIaJPIm1FTDUVXl4x/yW8s0kQDQ==

css-line-break@1.1.1:
  version "1.1.1"
  resolved "https://registry.yarnpkg.com/css-line-break/-/css-line-break-1.1.1.tgz#d5e9bdd297840099eb0503c7310fd34927a026ef"
  integrity sha512-1feNVaM4Fyzdj4mKPIQNL2n70MmuYzAXZ1aytlROFX1JsOo070OsugwGjj7nl6jnDJWHDM8zRZswkmeYVWZJQA==
  dependencies:
    base64-arraybuffer "^0.2.0"

html2canvas@^1.0.0-rc.5:
  version "1.0.0-rc.5"
  resolved "https://registry.yarnpkg.com/html2canvas/-/html2canvas-1.0.0-rc.5.tgz#4ee3cac9f6e20a0fa0c2f35a6f99c960ae7ec4c1"
  integrity sha512-DtNqPxJNXPoTajs+lVQzGS1SULRI4GQaROeU5R41xH8acffHukxRh/NBVcTBsfCkJSkLq91rih5TpbEwUP9yWA==
  dependencies:
    css-line-break "1.1.1"

tinymce-vue@^1.0.0:
  version "1.0.0"
  resolved "https://registry.yarnpkg.com/tinymce-vue/-/tinymce-vue-1.0.0.tgz#6a641f2294a9c02371e6c5739c4b0923d80d063a"
  integrity sha512-htEc8lDGC4guQx1H5QzsNu55ynyehUKhAYdWRUqu9VfgA41x0VHqXTMoLRdo2oDlZYqJ4u5k7XqL3HtyxI7HgQ==
  dependencies:
    tinymce "^4.7.3"
    vue "^2.5.3"

tinymce@^4.7.3:
  version "4.9.11"
  resolved "https://registry.yarnpkg.com/tinymce/-/tinymce-4.9.11.tgz#e3dae099722294c5b8d84ba7ef18dd126de6b582"
  integrity sha512-nkSLsax+VY5DBRjMFnHFqPwTnlLEGHCco82FwJF2JNH6W+5/ClvNC1P4uhD5lXPDNiDykSHR0XJdEh7w/ICHzA==

vue@^2.5.3, vue@^2.6.11:
  version "2.6.11"
  resolved "https://registry.yarnpkg.com/vue/-/vue-2.6.11.tgz#76594d877d4b12234406e84e35275c6d514125c5"
  integrity sha512-VfPwgcGABbGAue9+sfrD4PuwFar7gPb1yl1UK1MwXoQPAw0BKSqWfoYCT/ThFrdEVWoI51dBuyCoiNU9bZDZxQ==
